
Microsoft Visual Studio Solution File, Format Version 11.00
# Visual Studio 2010
Project("{CC5FD16D-436D-48AD-A40C-5A424C6E3E79}") = "EightBall", "EightBall\EightBall.ccproj", "{EA7DB985-D458-4BC9-9540-CCC6E6F9D5AB}"
EndProject
Project("{FAE04EC0-301F-11D3-BF4B-00C04F79EFBC}") = "WebRole", "WebRole\WebRole.csproj", "{759FF6EB-1405-433F-A63E-8541553191FB}"
EndProject
Project("{FAE04EC0-301F-11D3-BF4B-00C04F79EFBC}") = "CdnUtility", "CdnUtility\CdnUtility.csproj", "{68199DE9-3373-4247-A94D-1C044DD705EF}"
EndProject
Global
	GlobalSection(SolutionConfigurationPlatforms) = preSolution
		Debug|Any CPU = Debug|Any CPU
		Debug|Mixed Platforms = Debug|Mixed Platforms
		Debug|x86 = Debug|x86
		Release|Any CPU = Release|Any CPU
		Release|Mixed Platforms = Release|Mixed Platforms
		Release|x86 = Release|x86
	EndGlobalSection
	GlobalSection(ProjectConfigurationPlatforms) = postSolution
		{EA7DB985-D458-4BC9-9540-CCC6E6F9D5AB}.Debug|Any CPU.ActiveCfg = Debug|Any CPU
		{EA7DB985-D458-4BC9-9540-CCC6E6F9D5AB}.Debug|Any CPU.Build.0 = Debug|Any CPU
		{EA7DB985-D458-4BC9-9540-CCC6E6F9D5AB}.Debug|Mixed Platforms.ActiveCfg = Debug|Any CPU
		{EA7DB985-D458-4BC9-9540-CCC6E6F9D5AB}.Debug|Mixed Platforms.Build.0 = Debug|Any CPU
		{EA7DB985-D458-4BC9-9540-CCC6E6F9D5AB}.Debug|x86.ActiveCfg = Debug|Any CPU
		{EA7DB985-D458-4BC9-9540-CCC6E6F9D5AB}.Release|Any CPU.ActiveCfg = Release|Any CPU
		{EA7DB985-D458-4BC9-9540-CCC6E6F9D5AB}.Release|Any CPU.Build.0 = Release|Any CPU
		{EA7DB985-D458-4BC9-9540-CCC6E6F9D5AB}.Release|Mixed Platforms.ActiveCfg = Release|Any CPU
		{EA7DB985-D458-4BC9-9540-CCC6E6F9D5AB}.Release|Mixed Platforms.Build.0 = Release|Any CPU
		{EA7DB985-D458-4BC9-9540-CCC6E6F9D5AB}.Release|x86.ActiveCfg = Release|Any CPU
		{759FF6EB-1405-433F-A63E-8541553191FB}.Debug|Any CPU.ActiveCfg = Debug|Any CPU
		{759FF6EB-1405-433F-A63E-8541553191FB}.Debug|Any CPU.Build.0 = Debug|Any CPU
		{759FF6EB-1405-433F-A63E-8541553191FB}.Debug|Mixed Platforms.ActiveCfg = Debug|Any CPU
		{759FF6EB-1405-433F-A63E-8541553191FB}.Debug|Mixed Platforms.Build.0 = Debug|Any CPU
		{759FF6EB-1405-433F-A63E-8541553191FB}.Debug|x86.ActiveCfg = Debug|Any CPU
		{759FF6EB-1405-433F-A63E-8541553191FB}.Release|Any CPU.ActiveCfg = Release|Any CPU
		{759FF6EB-1405-433F-A63E-8541553191FB}.Release|Any CPU.Build.0 = Release|Any CPU
		{759FF6EB-1405-433F-A63E-8541553191FB}.Release|Mixed Platforms.ActiveCfg = Release|Any CPU
		{759FF6EB-1405-433F-A63E-8541553191FB}.Release|Mixed Platforms.Build.0 = Release|Any CPU
		{759FF6EB-1405-433F-A63E-8541553191FB}.Release|x86.ActiveCfg = Release|Any CPU
		{68199DE9-3373-4247-A94D-1C044DD705EF}.Debug|Any CPU.ActiveCfg = Debug|x86
		{68199DE9-3373-4247-A94D-1C044DD705EF}.Debug|Mixed Platforms.ActiveCfg = Debug|x86
		{68199DE9-3373-4247-A94D-1C044DD705EF}.Debug|Mixed Platforms.Build.0 = Debug|x86
		{68199DE9-3373-4247-A94D-1C044DD705EF}.Debug|x86.ActiveCfg = Debug|x86
		{68199DE9-3373-4247-A94D-1C044DD705EF}.Debug|x86.Build.0 = Debug|x86
		{68199DE9-3373-4247-A94D-1C044DD705EF}.Release|Any CPU.ActiveCfg = Release|x86
		{68199DE9-3373-4247-A94D-1C044DD705EF}.Release|Mixed Platforms.ActiveCfg = Release|x86
		{68199DE9-3373-4247-A94D-1C044DD705EF}.Release|Mixed Platforms.Build.0 = Release|x86
		{68199DE9-3373-4247-A94D-1C044DD705EF}.Release|x86.ActiveCfg = Release|x86
		{68199DE9-3373-4247-A94D-1C044DD705EF}.Release|x86.Build.0 = Release|x86
	EndGlobalSection
	GlobalSection(SolutionProperties) = preSolution
		HideSolutionNode = FALSE
	EndGlobalSection
EndGlobal
